
Microsoft Visual Studio Solution File, Format Version 12.00
# Visual Studio Version 16
VisualStudioVersion = 16.0.29324.140
MinimumVisualStudioVersion = 10.0.40219.1
Project("{9A19103F-16F7-4668-BE54-9A1E7A4F7556}") = "momiji", "momiji\momiji.csproj", "{99407D4A-E67E-4B26-87C3-C2DB7634C327}"
EndProject
Project("{9A19103F-16F7-4668-BE54-9A1E7A4F7556}") = "mixerTest", "mixer-test\mixerTest.csproj", "{F390B3E1-A7B1-453F-8748-B5F6ED25CCB2}"
EndProject
Project("{2150E333-8FDC-42A3-9474-1A3956D46DE8}") = "Solution Items", "Solution Items", "{285980BA-9606-4A71-B330-872764D2EEF5}"
	ProjectSection(SolutionItems) = preProject
		LICENSE = LICENSE
	EndProjectSection
EndProject
Project("{9A19103F-16F7-4668-BE54-9A1E7A4F7556}") = "momijiXunit", "momiji-unit-tests\momijiXunit.csproj", "{97A9D408-C82D-4247-AC50-AB5B1B8B93E8}"
EndProject
Project("{9A19103F-16F7-4668-BE54-9A1E7A4F7556}") = "momijiWPF", "momijiWPF\momijiWPF.csproj", "{8EDF2FD9-5D50-4BD4-8C6F-BB874E89B04D}"
	ProjectSection(ProjectDependencies) = postProject
		{023E6F87-086E-458E-A4E2-8A51233C3956} = {023E6F87-086E-458E-A4E2-8A51233C3956}
	EndProjectSection
EndProject
Project("{9A19103F-16F7-4668-BE54-9A1E7A4F7556}") = "vst2bridge", "vst2bridge\vst2bridge.csproj", "{023E6F87-086E-458E-A4E2-8A51233C3956}"
	ProjectSection(ProjectDependencies) = postProject
		{99407D4A-E67E-4B26-87C3-C2DB7634C327} = {99407D4A-E67E-4B26-87C3-C2DB7634C327}
	EndProjectSection
EndProject
Global
	GlobalSection(SolutionConfigurationPlatforms) = preSolution
		Debug|Any CPU = Debug|Any CPU
		Debug|x64 = Debug|x64
		Debug|x86 = Debug|x86
		Release|Any CPU = Release|Any CPU
		Release|x64 = Release|x64
		Release|x86 = Release|x86
	EndGlobalSection
	GlobalSection(ProjectConfigurationPlatforms) = postSolution
		{99407D4A-E67E-4B26-87C3-C2DB7634C327}.Debug|Any CPU.ActiveCfg = Debug|Any CPU
		{99407D4A-E67E-4B26-87C3-C2DB7634C327}.Debug|Any CPU.Build.0 = Debug|Any CPU
		{99407D4A-E67E-4B26-87C3-C2DB7634C327}.Debug|x64.ActiveCfg = Debug|Any CPU
		{99407D4A-E67E-4B26-87C3-C2DB7634C327}.Debug|x64.Build.0 = Debug|Any CPU
		{99407D4A-E67E-4B26-87C3-C2DB7634C327}.Debug|x86.ActiveCfg = Debug|Any CPU
		{99407D4A-E67E-4B26-87C3-C2DB7634C327}.Debug|x86.Build.0 = Debug|Any CPU
		{99407D4A-E67E-4B26-87C3-C2DB7634C327}.Release|Any CPU.ActiveCfg = Release|Any CPU
		{99407D4A-E67E-4B26-87C3-C2DB7634C327}.Release|Any CPU.Build.0 = Release|Any CPU
		{99407D4A-E67E-4B26-87C3-C2DB7634C327}.Release|x64.ActiveCfg = Release|Any CPU
		{99407D4A-E67E-4B26-87C3-C2DB7634C327}.Release|x64.Build.0 = Release|Any CPU
		{99407D4A-E67E-4B26-87C3-C2DB7634C327}.Release|x86.ActiveCfg = Release|Any CPU
		{99407D4A-E67E-4B26-87C3-C2DB7634C327}.Release|x86.Build.0 = Release|Any CPU
		{F390B3E1-A7B1-453F-8748-B5F6ED25CCB2}.Debug|Any CPU.ActiveCfg = Debug|Any CPU
		{F390B3E1-A7B1-453F-8748-B5F6ED25CCB2}.Debug|Any CPU.Build.0 = Debug|Any CPU
		{F390B3E1-A7B1-453F-8748-B5F6ED25CCB2}.Debug|x64.ActiveCfg = Debug|x64
		{F390B3E1-A7B1-453F-8748-B5F6ED25CCB2}.Debug|x64.Build.0 = Debug|x64
		{F390B3E1-A7B1-453F-8748-B5F6ED25CCB2}.Debug|x86.ActiveCfg = Debug|x86
		{F390B3E1-A7B1-453F-8748-B5F6ED25CCB2}.Debug|x86.Build.0 = Debug|x86
		{F390B3E1-A7B1-453F-8748-B5F6ED25CCB2}.Release|Any CPU.ActiveCfg = Release|Any CPU
		{F390B3E1-A7B1-453F-8748-B5F6ED25CCB2}.Release|Any CPU.Build.0 = Release|Any CPU
		{F390B3E1-A7B1-453F-8748-B5F6ED25CCB2}.Release|x64.ActiveCfg = Release|x64
		{F390B3E1-A7B1-453F-8748-B5F6ED25CCB2}.Release|x64.Build.0 = Release|x64
		{F390B3E1-A7B1-453F-8748-B5F6ED25CCB2}.Release|x86.ActiveCfg = Release|x86
		{F390B3E1-A7B1-453F-8748-B5F6ED25CCB2}.Release|x86.Build.0 = Release|x86
		{97A9D408-C82D-4247-AC50-AB5B1B8B93E8}.Debug|Any CPU.ActiveCfg = Debug|Any CPU
		{97A9D408-C82D-4247-AC50-AB5B1B8B93E8}.Debug|Any CPU.Build.0 = Debug|Any CPU
		{97A9D408-C82D-4247-AC50-AB5B1B8B93E8}.Debug|x64.ActiveCfg = Debug|x64
		{97A9D408-C82D-4247-AC50-AB5B1B8B93E8}.Debug|x64.Build.0 = Debug|x64
		{97A9D408-C82D-4247-AC50-AB5B1B8B93E8}.Debug|x86.ActiveCfg = Debug|x86
		{97A9D408-C82D-4247-AC50-AB5B1B8B93E8}.Debug|x86.Build.0 = Debug|x86
		{97A9D408-C82D-4247-AC50-AB5B1B8B93E8}.Release|Any CPU.ActiveCfg = Release|Any CPU
		{97A9D408-C82D-4247-AC50-AB5B1B8B93E8}.Release|Any CPU.Build.0 = Release|Any CPU
		{97A9D408-C82D-4247-AC50-AB5B1B8B93E8}.Release|x64.ActiveCfg = Release|x64
		{97A9D408-C82D-4247-AC50-AB5B1B8B93E8}.Release|x64.Build.0 = Release|x64
		{97A9D408-C82D-4247-AC50-AB5B1B8B93E8}.Release|x86.ActiveCfg = Release|x86
		{97A9D408-C82D-4247-AC50-AB5B1B8B93E8}.Release|x86.Build.0 = Release|x86
		{8EDF2FD9-5D50-4BD4-8C6F-BB874E89B04D}.Debug|Any CPU.ActiveCfg = Debug|x86
		{8EDF2FD9-5D50-4BD4-8C6F-BB874E89B04D}.Debug|Any CPU.Build.0 = Debug|x86
		{8EDF2FD9-5D50-4BD4-8C6F-BB874E89B04D}.Debug|x64.ActiveCfg = Debug|x64
		{8EDF2FD9-5D50-4BD4-8C6F-BB874E89B04D}.Debug|x64.Build.0 = Debug|x64
		{8EDF2FD9-5D50-4BD4-8C6F-BB874E89B04D}.Debug|x86.ActiveCfg = Debug|x86
		{8EDF2FD9-5D50-4BD4-8C6F-BB874E89B04D}.Debug|x86.Build.0 = Debug|x86
		{8EDF2FD9-5D50-4BD4-8C6F-BB874E89B04D}.Release|Any CPU.ActiveCfg = Release|Any CPU
		{8EDF2FD9-5D50-4BD4-8C6F-BB874E89B04D}.Release|Any CPU.Build.0 = Release|Any CPU
		{8EDF2FD9-5D50-4BD4-8C6F-BB874E89B04D}.Release|x64.ActiveCfg = Release|x64
		{8EDF2FD9-5D50-4BD4-8C6F-BB874E89B04D}.Release|x64.Build.0 = Release|x64
		{8EDF2FD9-5D50-4BD4-8C6F-BB874E89B04D}.Release|x86.ActiveCfg = Release|x86
		{8EDF2FD9-5D50-4BD4-8C6F-BB874E89B04D}.Release|x86.Build.0 = Release|x86
		{023E6F87-086E-458E-A4E2-8A51233C3956}.Debug|Any CPU.ActiveCfg = Debug|x86
		{023E6F87-086E-458E-A4E2-8A51233C3956}.Debug|Any CPU.Build.0 = Debug|x86
		{023E6F87-086E-458E-A4E2-8A51233C3956}.Debug|x64.ActiveCfg = Debug|x64
		{023E6F87-086E-458E-A4E2-8A51233C3956}.Debug|x64.Build.0 = Debug|x64
		{023E6F87-086E-458E-A4E2-8A51233C3956}.Debug|x86.ActiveCfg = Debug|x86
		{023E6F87-086E-458E-A4E2-8A51233C3956}.Debug|x86.Build.0 = Debug|x86
		{023E6F87-086E-458E-A4E2-8A51233C3956}.Release|Any CPU.ActiveCfg = Release|Any CPU
		{023E6F87-086E-458E-A4E2-8A51233C3956}.Release|Any CPU.Build.0 = Release|Any CPU
		{023E6F87-086E-458E-A4E2-8A51233C3956}.Release|x64.ActiveCfg = Release|x64
		{023E6F87-086E-458E-A4E2-8A51233C3956}.Release|x64.Build.0 = Release|x64
		{023E6F87-086E-458E-A4E2-8A51233C3956}.Release|x86.ActiveCfg = Release|x86
		{023E6F87-086E-458E-A4E2-8A51233C3956}.Release|x86.Build.0 = Release|x86
	EndGlobalSection
	GlobalSection(SolutionProperties) = preSolution
		HideSolutionNode = FALSE
	EndGlobalSection
	GlobalSection(ExtensibilityGlobals) = postSolution
		SolutionGuid = {5C85AFBD-9773-4E78-97B1-CB107889D0AA}
	EndGlobalSection
EndGlobal
